<?xml version="1.0" encoding="utf-8"?>
<Project ToolsVersion="4.0" xmlns="http://schemas.microsoft.com/developer/msbuild/2003">
  <ItemGroup>
    <Filter Include="0. HLSL">
      <UniqueIdentifier>{9c2a4d72-da4a-4747-a9e7-d9cac6bdb8b5}</UniqueIdentifier>
    </Filter>
    <Filter Include="0. HLSL\00. AnimationObj">
      <UniqueIdentifier>{cd2d940c-b331-4511-a03f-5df4a924eb79}</UniqueIdentifier>
    </Filter>
    <Filter Include="0. HLSL\01. Compute">
      <UniqueIdentifier>{6fb87d9d-0c3c-4970-84db-2269e27a42a7}</UniqueIdentifier>
    </Filter>
    <Filter Include="0. HLSL\02. Debug">
      <UniqueIdentifier>{41165766-c8e0-4a82-be70-3d1bec26e0a5}</UniqueIdentifier>
    </Filter>
    <Filter Include="0. HLSL\03. Light">
      <UniqueIdentifier>{55d198a5-2387-4669-9311-9dcfeadbfed4}</UniqueIdentifier>
    </Filter>
    <Filter Include="0. HLSL\04. PostProcessing">
      <UniqueIdentifier>{47bb1e3c-5823-45fa-adde-7d9a128f1d5b}</UniqueIdentifier>
    </Filter>
    <Filter Include="0. HLSL\05. SkyBox">
      <UniqueIdentifier>{6fa25f27-cdda-4ae3-b7e0-38b603c2f6ba}</UniqueIdentifier>
    </Filter>
    <Filter Include="0. HLSL\06. SSLR">
      <UniqueIdentifier>{edf080f4-d30b-4422-b01c-c73415d4ae63}</UniqueIdentifier>
    </Filter>
    <Filter Include="0. HLSL\07. Terrain">
      <UniqueIdentifier>{2a02cfaa-6e9e-484d-a9bf-4363494c233f}</UniqueIdentifier>
    </Filter>
    <Filter Include="0. HLSL\08. TestDeferred">
      <UniqueIdentifier>{e1398716-6197-4900-9780-afa435027589}</UniqueIdentifier>
    </Filter>
    <Filter Include="0. HLSL\09. testinstancing">
      <UniqueIdentifier>{2a4f013c-3987-44d4-a681-66e8871d58f0}</UniqueIdentifier>
    </Filter>
    <Filter Include="0. HLSL\10. UI">
      <UniqueIdentifier>{15eab694-3131-4016-9980-594244aff7d3}</UniqueIdentifier>
    </Filter>
    <Filter Include="1. 소스 파일">
      <UniqueIdentifier>{4FC737F1-C7A5-4376-A066-2A32D752A2FF}</UniqueIdentifier>
      <Extensions>cpp;c;cc;cxx;def;odl;idl;hpj;bat;asm;asmx</Extensions>
    </Filter>
    <Filter Include="1. 소스 파일\00. Singleton">
      <UniqueIdentifier>{af0e0503-5b88-45c5-9047-5413c2460ca4}</UniqueIdentifier>
    </Filter>
    <Filter Include="1. 소스 파일\01. Object">
      <UniqueIdentifier>{a426c723-ea55-42a8-a5f2-a61908bdfe94}</UniqueIdentifier>
    </Filter>
    <Filter Include="1. 소스 파일\02. FrameWork">
      <UniqueIdentifier>{0b2a4aaa-b621-47bf-8d8d-f375c4b12faf}</UniqueIdentifier>
    </Filter>
    <Filter Include="1. 소스 파일\03. Scene">
      <UniqueIdentifier>{0d8e3b1b-3f79-4339-904f-d4f64a58e26a}</UniqueIdentifier>
    </Filter>
    <Filter Include="1. 소스 파일\04. DXObject">
      <UniqueIdentifier>{27c5df78-5549-414c-883c-bbf69b242914}</UniqueIdentifier>
    </Filter>
    <Filter Include="1. 소스 파일\05. GameObject">
      <UniqueIdentifier>{2844f7e3-4c5d-4df7-90fb-8d10c5587d5a}</UniqueIdentifier>
    </Filter>
    <Filter Include="1. 소스 파일\06. Component">
      <UniqueIdentifier>{b0cc7d23-a608-4f17-bdb1-659af835c438}</UniqueIdentifier>
    </Filter>
    <Filter Include="1. 소스 파일\98. Header">
      <UniqueIdentifier>{9815469e-ad12-4ffc-858d-5affafc08092}</UniqueIdentifier>
    </Filter>
    <Filter Include="1. 소스 파일\99. Default">
      <UniqueIdentifier>{d622fb9e-f166-4443-9d88-5bfca52dd9fd}</UniqueIdentifier>
    </Filter>
    <Filter Include="1. 소스 파일\99. Default\리소스 파일">
      <UniqueIdentifier>{67DA6AB6-F800-4c08-8B7A-83BB121AAD01}</UniqueIdentifier>
      <Extensions>rc;ico;cur;bmp;dlg;rc2;rct;bin;rgs;gif;jpg;jpeg;jpe;resx;tiff;tif;png;wav;mfcribbon-ms</Extensions>
    </Filter>
    <Filter Include="1. 소스 파일\99. Default\헤더 파일">
      <UniqueIdentifier>{93995380-89BD-4b04-88EB-625FBE52EBFB}</UniqueIdentifier>
      <Extensions>h;hh;hpp;hxx;hm;inl;inc;xsd</Extensions>
    </Filter>
    <Filter Include="0. HLSL\01. Compute\-0. AmbientOcculusion">
      <UniqueIdentifier>{2eb225af-dbb2-4d00-8e6e-4a7561df52cb}</UniqueIdentifier>
    </Filter>
    <Filter Include="0. HLSL\01. Compute\-1. PostProcessing">
      <UniqueIdentifier>{d5fed54c-d8a7-48d2-b4e2-a2cb5dae4533}</UniqueIdentifier>
    </Filter>
    <Filter Include="0. HLSL\01. Compute\-2. SSLR">
      <UniqueIdentifier>{f146d36c-906d-4fe4-8c08-980bb53e536e}</UniqueIdentifier>
    </Filter>
    <Filter Include="0. HLSL\02. Debug\-0. BoundingBox">
      <UniqueIdentifier>{0859cce9-e1c4-42f5-b863-82823d9e2121}</UniqueIdentifier>
    </Filter>
    <Filter Include="0. HLSL\02. Debug\-1. CoordinateSys">
      <UniqueIdentifier>{d1335777-4a35-4f1d-9f72-99dc1e898a32}</UniqueIdentifier>
    </Filter>
    <Filter Include="0. HLSL\02. Debug\-2. DebugDepthTex">
      <UniqueIdentifier>{dbe81808-4644-467b-a970-30261cadeeab}</UniqueIdentifier>
    </Filter>
    <Filter Include="0. HLSL\02. Debug\-3. DebugTex">
      <UniqueIdentifier>{4b05f14c-705d-4094-a19e-f2e0506f160e}</UniqueIdentifier>
    </Filter>
    <Filter Include="0. HLSL\03. Light\-0. Capsule">
      <UniqueIdentifier>{09bf0a60-597c-4452-b22f-db1e2a87cc89}</UniqueIdentifier>
    </Filter>
    <Filter Include="0. HLSL\03. Light\-1. Directional">
      <UniqueIdentifier>{ed8d8210-045a-4469-8a22-15c8aec57970}</UniqueIdentifier>
    </Filter>
    <Filter Include="0. HLSL\03. Light\-2. Point">
      <UniqueIdentifier>{e6469fe2-3d05-47ed-aa48-8211aa57ecce}</UniqueIdentifier>
    </Filter>
    <Filter Include="0. HLSL\03. Light\-3. Spot">
      <UniqueIdentifier>{de353d1b-0be1-4e01-809a-22733fb62f30}</UniqueIdentifier>
    </Filter>
    <Filter Include="0. HLSL\06. SSLR\-0. Combine">
      <UniqueIdentifier>{3d017803-ceb2-4f43-a490-6eedb126591d}</UniqueIdentifier>
    </Filter>
    <Filter Include="0. HLSL\06. SSLR\-1. RayTrace">
      <UniqueIdentifier>{b7fc0789-f287-4e61-9c6e-0722ead05290}</UniqueIdentifier>
    </Filter>
    <Filter Include="1. 소스 파일\00. Singleton\-00. Debuger">
      <UniqueIdentifier>{5b36c8a2-caae-465a-8e70-57fa8916c221}</UniqueIdentifier>
    </Filter>
    <Filter Include="1. 소스 파일\00. Singleton\-01. DirectoryFinder">
      <UniqueIdentifier>{173a52a2-83e7-4d8c-80b0-22fce985bfe2}</UniqueIdentifier>
    </Filter>
    <Filter Include="1. 소스 파일\00. Singleton\-02. FileIO">
      <UniqueIdentifier>{35d18557-3fb9-447f-9895-6c4c53bce823}</UniqueIdentifier>
    </Filter>
    <Filter Include="1. 소스 파일\00. Singleton\-03. GlobalValueMGR">
      <UniqueIdentifier>{a42e6376-a925-4693-bcad-2354ac927ab2}</UniqueIdentifier>
    </Filter>
    <Filter Include="1. 소스 파일\00. Singleton\-04. InputMGR">
      <UniqueIdentifier>{a0b538d6-548c-4c16-b401-3867f7e7da0e}</UniqueIdentifier>
    </Filter>
    <Filter Include="1. 소스 파일\00. Singleton\-05. RCSeller">
      <UniqueIdentifier>{42c40d0a-4207-46c9-88c6-ce8cc159c2bc}</UniqueIdentifier>
    </Filter>
    <Filter Include="1. 소스 파일\00. Singleton\-06. RENDERER">
      <UniqueIdentifier>{ad12e1a6-e617-4ee8-ad82-ff614647bf0b}</UniqueIdentifier>
    </Filter>
    <Filter Include="1. 소스 파일\00. Singleton\-07. ResourceMGR">
      <UniqueIdentifier>{386a7c7e-9119-4ffb-b65b-8315e257448e}</UniqueIdentifier>
    </Filter>
    <Filter Include="1. 소스 파일\00. Singleton\-08. Timer">
      <UniqueIdentifier>{7d097015-a062-4d23-bed5-402942e8dee2}</UniqueIdentifier>
    </Filter>
    <Filter Include="1. 소스 파일\00. Singleton\-09. Updater">
      <UniqueIdentifier>{864b6438-4b73-4bd8-a75d-74ce64ed0215}</UniqueIdentifier>
    </Filter>
    <Filter Include="1. 소스 파일\00. Singleton\-10. SceneMGR">
      <UniqueIdentifier>{9a14610d-ce6f-421b-9d61-6f5981cc9477}</UniqueIdentifier>
    </Filter>
    <Filter Include="1. 소스 파일\00. Singleton\-11. CameraMGR">
      <UniqueIdentifier>{6be38c18-1178-47d2-8c57-96ce5b9bfe21}</UniqueIdentifier>
    </Filter>
    <Filter Include="1. 소스 파일\00. Singleton\-00. Debuger\DebugFontData">
      <UniqueIdentifier>{2725ab70-e654-4c0c-8464-95985b4691d0}</UniqueIdentifier>
    </Filter>
    <Filter Include="1. 소스 파일\00. Singleton\-00. Debuger\DebugTextureData">
      <UniqueIdentifier>{a2849506-bdec-4279-8ac6-7972bd6e85ae}</UniqueIdentifier>
    </Filter>
    <Filter Include="1. 소스 파일\00. Singleton\-02. FileIO\Importer">
      <UniqueIdentifier>{2da5aee2-a2ea-4688-8889-b58b155b6bbb}</UniqueIdentifier>
    </Filter>
    <Filter Include="1. 소스 파일\00. Singleton\-02. FileIO\Importer\FileImporter">
      <UniqueIdentifier>{b5b1b435-2ee6-41de-b459-29bef02dd2ab}</UniqueIdentifier>
    </Filter>
    <Filter Include="1. 소스 파일\00. Singleton\-02. FileIO\Importer\FileImporter\TxtImporter">
      <UniqueIdentifier>{e17a1aa7-1f4d-487b-b4c9-46e75f727f9a}</UniqueIdentifier>
    </Filter>
    <Filter Include="1. 소스 파일\00. Singleton\-06. RENDERER\01. ObjectRenderer">
      <UniqueIdentifier>{b5c27b34-7008-4053-95b0-6b76c28fe402}</UniqueIdentifier>
    </Filter>
    <Filter Include="1. 소스 파일\00. Singleton\-06. RENDERER\02. AORenderer">
      <UniqueIdentifier>{e4eb2d56-1444-408a-8533-1220012fc21d}</UniqueIdentifier>
    </Filter>
    <Filter Include="1. 소스 파일\00. Singleton\-06. RENDERER\03. LightRenderer">
      <UniqueIdentifier>{7ebba00c-d331-4160-834a-84620c1d5704}</UniqueIdentifier>
    </Filter>
    <Filter Include="1. 소스 파일\00. Singleton\-06. RENDERER\04. BloomDownScale">
      <UniqueIdentifier>{232e29ba-b523-402e-9e16-630f77d3ad59}</UniqueIdentifier>
    </Filter>
    <Filter Include="1. 소스 파일\00. Singleton\-06. RENDERER\05. Bloom">
      <UniqueIdentifier>{8ddf0839-26cd-42b2-b2b7-e5349f9a7ebb}</UniqueIdentifier>
    </Filter>
    <Filter Include="1. 소스 파일\00. Singleton\-06. RENDERER\06. Blur">
      <UniqueIdentifier>{612d3273-59a9-4a25-bc61-f2839b541269}</UniqueIdentifier>
    </Filter>
    <Filter Include="1. 소스 파일\00. Singleton\-06. RENDERER\07. PostProcessingFinalPass">
      <UniqueIdentifier>{c3c15799-a4a2-4651-98eb-7e87129cd194}</UniqueIdentifier>
    </Filter>
    <Filter Include="1. 소스 파일\00. Singleton\-06. RENDERER\08. SSLR">
      <UniqueIdentifier>{f86e88f0-5a29-4ea0-9326-eb6997b1dcc4}</UniqueIdentifier>
    </Filter>
    <Filter Include="1. 소스 파일\00. Singleton\-06. RENDERER\09. Shadow">
      <UniqueIdentifier>{f559f73a-6e85-4a47-984f-3763f29d9acf}</UniqueIdentifier>
    </Filter>
    <Filter Include="1. 소스 파일\00. Singleton\-06. RENDERER\10. UIRenderer">
      <UniqueIdentifier>{454aae7b-0c9b-45ad-b87f-78d1f7e33dae}</UniqueIdentifier>
    </Filter>
    <Filter Include="1. 소스 파일\00. Singleton\-06. RENDERER\11. WaterRenderer">
      <UniqueIdentifier>{7ea54f9b-f784-4aa3-a051-e41f8b0f3d0f}</UniqueIdentifier>
    </Filter>
    <Filter Include="0. HLSL\11. Water">
      <UniqueIdentifier>{a1f4b22a-03f7-4e63-9bb9-258fec2a13c9}</UniqueIdentifier>
    </Filter>
    <Filter Include="0. HLSL\11. Water\-0. Refraction">
      <UniqueIdentifier>{ff50e382-0b68-4987-9f0d-4f57c085212c}</UniqueIdentifier>
    </Filter>
    <Filter Include="0. HLSL\98. Default">
      <UniqueIdentifier>{436f2809-93ef-413a-9efd-7842e37ff909}</UniqueIdentifier>
    </Filter>
    <Filter Include="0. HLSL\99. hlsli">
      <UniqueIdentifier>{5f290052-c3cb-4bfc-b854-68cbf7f7ab82}</UniqueIdentifier>
    </Filter>
    <Filter Include="1. 소스 파일\03. Scene\-00. Loading">
      <UniqueIdentifier>{a1bfbb46-d22b-4f5a-b7b6-426d3b6be8ec}</UniqueIdentifier>
    </Filter>
    <Filter Include="1. 소스 파일\03. Scene\-01. SceneMain">
      <UniqueIdentifier>{15514139-3230-4746-b5cd-cead80c11e03}</UniqueIdentifier>
    </Filter>
    <Filter Include="1. 소스 파일\04. DXObject\-00. Camera">
      <UniqueIdentifier>{d12146a6-3094-41eb-bfd2-b3761e00a7e5}</UniqueIdentifier>
    </Filter>
    <Filter Include="1. 소스 파일\04. DXObject\-01. Container">
      <UniqueIdentifier>{8f3d9359-528d-431f-9b92-0a2b4cc1929a}</UniqueIdentifier>
    </Filter>
    <Filter Include="1. 소스 파일\04. DXObject\-02. Mesh">
      <UniqueIdentifier>{f323cc6e-30b3-4e19-b9de-837965ae390e}</UniqueIdentifier>
    </Filter>
    <Filter Include="1. 소스 파일\04. DXObject\-03. Shader">
      <UniqueIdentifier>{8b8fdf70-3336-4e7c-a58a-63c9a51edf8b}</UniqueIdentifier>
    </Filter>
    <Filter Include="1. 소스 파일\04. DXObject\-04. Material">
      <UniqueIdentifier>{df913d6d-8bed-4abe-a27e-a6935c2e3ecc}</UniqueIdentifier>
    </Filter>
    <Filter Include="1. 소스 파일\04. DXObject\-05. Texture">
      <UniqueIdentifier>{2c2f2456-f528-4be6-8272-c74ce03cecb3}</UniqueIdentifier>
    </Filter>
    <Filter Include="1. 소스 파일\04. DXObject\-06. Buffer">
      <UniqueIdentifier>{f5a00d25-53da-4fb6-8969-582a1f80efbe}</UniqueIdentifier>
    </Filter>
    <Filter Include="1. 소스 파일\04. DXObject\-07. Animater">
      <UniqueIdentifier>{ba522fe0-f3c2-466d-bfb0-345256a597f7}</UniqueIdentifier>
    </Filter>
    <Filter Include="1. 소스 파일\04. DXObject\-00. Camera\FreeCamera">
      <UniqueIdentifier>{d88682fa-d138-457b-af05-fd2001e41e88}</UniqueIdentifier>
    </Filter>
    <Filter Include="1. 소스 파일\04. DXObject\-01. Container\RenderContainer">
      <UniqueIdentifier>{963a5ef8-a1f8-4346-abcc-42dc403426fc}</UniqueIdentifier>
    </Filter>
    <Filter Include="1. 소스 파일\04. DXObject\-01. Container\RenderContainer\Debug">
      <UniqueIdentifier>{8b456f81-59a5-4145-a339-b0e91ace95bf}</UniqueIdentifier>
    </Filter>
    <Filter Include="1. 소스 파일\04. DXObject\-02. Mesh\DEBUG">
      <UniqueIdentifier>{701f985c-cbf6-4160-9b3f-e66063927a54}</UniqueIdentifier>
    </Filter>
    <Filter Include="1. 소스 파일\04. DXObject\-02. Mesh\DEBUG\BoundingBoxMesh">
      <UniqueIdentifier>{bfddc7f4-5e96-4833-81f9-377012722d4c}</UniqueIdentifier>
    </Filter>
    <Filter Include="1. 소스 파일\04. DXObject\-02. Mesh\DEBUG\CoordinateSysMesh">
      <UniqueIdentifier>{95f5b811-cece-42d8-b8c4-b346863f4344}</UniqueIdentifier>
    </Filter>
    <Filter Include="1. 소스 파일\04. DXObject\-02. Mesh\DEBUG\DebugTextureMesh">
      <UniqueIdentifier>{4e4a3046-b678-4a00-838c-4f8a31f72544}</UniqueIdentifier>
    </Filter>
    <Filter Include="1. 소스 파일\04. DXObject\-02. Mesh\LightMesh">
      <UniqueIdentifier>{2c9b595d-3197-4cc0-b138-3734c00e53dc}</UniqueIdentifier>
    </Filter>
    <Filter Include="1. 소스 파일\04. DXObject\-02. Mesh\OBJECT">
      <UniqueIdentifier>{bd59a6d6-7978-48ee-96b8-f4f68bcd2330}</UniqueIdentifier>
    </Filter>
    <Filter Include="1. 소스 파일\04. DXObject\-02. Mesh\OBJECT\FileBasedMesh">
      <UniqueIdentifier>{87a88dc0-16c9-4b7d-bf0d-6e1cf16a8af8}</UniqueIdentifier>
    </Filter>
    <Filter Include="1. 소스 파일\04. DXObject\-02. Mesh\OBJECT\SkyBoxMesh">
      <UniqueIdentifier>{0d5ab7df-630b-4085-a0dd-72c705f1168a}</UniqueIdentifier>
    </Filter>
    <Filter Include="1. 소스 파일\04. DXObject\-02. Mesh\OBJECT\SpaceMesh">
      <UniqueIdentifier>{f180fcb8-f680-4c37-92eb-f1eec01570a9}</UniqueIdentifier>
    </Filter>
    <Filter Include="1. 소스 파일\04. DXObject\-02. Mesh\OBJECT\TerrainMesh">
      <UniqueIdentifier>{73bce588-f032-4eb8-a563-6a735e135b47}</UniqueIdentifier>
    </Filter>
    <Filter Include="1. 소스 파일\04. DXObject\-02. Mesh\DeferredMesh">
      <UniqueIdentifier>{03e11ee5-6c84-497d-ad80-38b2aaa46a47}</UniqueIdentifier>
    </Filter>
    <Filter Include="1. 소스 파일\04. DXObject\-02. Mesh\Water">
      <UniqueIdentifier>{61118dcf-bc65-4c52-98aa-1b9892c83324}</UniqueIdentifier>
    </Filter>
    <Filter Include="1. 소스 파일\04. DXObject\-03. Shader\ComputerSahder">
      <UniqueIdentifier>{6924a444-4af9-40d7-8f58-f13039bcc8e8}</UniqueIdentifier>
    </Filter>
    <Filter Include="1. 소스 파일\04. DXObject\-03. Shader\RenderShader">
      <UniqueIdentifier>{ff46eb0e-2dd9-4a6f-b8f7-0dd67144b2a0}</UniqueIdentifier>
    </Filter>
    <Filter Include="1. 소스 파일\04. DXObject\-05. Texture\Sampler">
      <UniqueIdentifier>{ecd31ee8-a552-489a-8b4c-ec573fc2e791}</UniqueIdentifier>
    </Filter>
    <Filter Include="1. 소스 파일\04. DXObject\-05. Texture\Texture">
      <UniqueIdentifier>{8fb34ad8-fd79-43ba-8262-00eefd6c976b}</UniqueIdentifier>
    </Filter>
    <Filter Include="1. 소스 파일\04. DXObject\-07. Animater\0. AnimationInfo">
      <UniqueIdentifier>{627818ee-bf56-437a-9af7-6d3c8f802207}</UniqueIdentifier>
    </Filter>
    <Filter Include="1. 소스 파일\05. GameObject\-00. DEBUG">
      <UniqueIdentifier>{d939a47f-704a-4242-a148-985d7f71bc47}</UniqueIdentifier>
    </Filter>
    <Filter Include="1. 소스 파일\05. GameObject\-01. Light">
      <UniqueIdentifier>{27f84f45-0c18-41b9-b912-ec09ea081edf}</UniqueIdentifier>
    </Filter>
    <Filter Include="1. 소스 파일\05. GameObject\-00. DEBUG\BoundingBox">
      <UniqueIdentifier>{dd3a7f37-e47c-4bed-830e-627a98a07c68}</UniqueIdentifier>
    </Filter>
    <Filter Include="1. 소스 파일\05. GameObject\-00. DEBUG\CoordinateSys">
      <UniqueIdentifier>{db782fa0-1e2c-48e9-96f3-05f8086314c2}</UniqueIdentifier>
    </Filter>
    <Filter Include="1. 소스 파일\05. GameObject\-00. DEBUG\DebugTexture">
      <UniqueIdentifier>{5afc944c-a329-46ea-a302-43cbb6e3480a}</UniqueIdentifier>
    </Filter>
    <Filter Include="1. 소스 파일\05. GameObject\-01. Light\CapsuleLight">
      <UniqueIdentifier>{fa0aa127-9673-4b6a-b393-e74e5ef1dfc0}</UniqueIdentifier>
    </Filter>
    <Filter Include="1. 소스 파일\05. GameObject\-01. Light\DirectionalLight">
      <UniqueIdentifier>{57bbd76d-c10b-41af-b4f9-8e5c38006f51}</UniqueIdentifier>
    </Filter>
    <Filter Include="1. 소스 파일\05. GameObject\-01. Light\PointLight">
      <UniqueIdentifier>{8850c301-37fc-4682-bc61-861271415b7a}</UniqueIdentifier>
    </Filter>
    <Filter Include="1. 소스 파일\05. GameObject\-01. Light\SpotLight">
      <UniqueIdentifier>{50384532-bfdd-44a8-b4c7-d05189540e65}</UniqueIdentifier>
    </Filter>
    <Filter Include="1. 소스 파일\05. GameObject\-02. SkyBox">
      <UniqueIdentifier>{fcdb1931-f2c4-41e3-bd35-7061fbf24291}</UniqueIdentifier>
    </Filter>
    <Filter Include="1. 소스 파일\05. GameObject\-02. SkyBox\SkyBoxContainer">
      <UniqueIdentifier>{932516bf-cb47-4da8-acd9-66aad35a7651}</UniqueIdentifier>
    </Filter>
    <Filter Include="1. 소스 파일\05. GameObject\-03. Space">
      <UniqueIdentifier>{2bb02a9c-5ddf-45ce-88d4-191ccd3dfc3a}</UniqueIdentifier>
    </Filter>
    <Filter Include="1. 소스 파일\05. GameObject\-03. Space\SpaceContainer">
      <UniqueIdentifier>{3b7be768-0dc8-47cd-b87e-bc8614837132}</UniqueIdentifier>
    </Filter>
    <Filter Include="1. 소스 파일\05. GameObject\-04. Terrain">
      <UniqueIdentifier>{f4870e7c-1e8b-41f8-9008-c845cc26bd6e}</UniqueIdentifier>
    </Filter>
    <Filter Include="1. 소스 파일\05. GameObject\-04. Terrain\SplattingInfo">
      <UniqueIdentifier>{a40a1531-fcaf-4d93-a1ad-33500f746aa0}</UniqueIdentifier>
    </Filter>
    <Filter Include="1. 소스 파일\05. GameObject\-04. Terrain\SplattingInfo\SplattingInfoManager">
      <UniqueIdentifier>{201b8af3-3da3-49eb-9b05-78787555eeb1}</UniqueIdentifier>
    </Filter>
    <Filter Include="1. 소스 파일\05. GameObject\-04. Terrain\TerrainContainer">
      <UniqueIdentifier>{dd4b9642-e38c-4c62-9c5b-519c51896de6}</UniqueIdentifier>
    </Filter>
    <Filter Include="1. 소스 파일\05. GameObject\-05. Player">
      <UniqueIdentifier>{98fa554e-5876-4321-a268-fa32f968007b}</UniqueIdentifier>
    </Filter>
    <Filter Include="1. 소스 파일\05. GameObject\-06. Monster">
      <UniqueIdentifier>{cc00e5af-0211-44eb-b25e-921813200a90}</UniqueIdentifier>
    </Filter>
    <Filter Include="1. 소스 파일\05. GameObject\-07. Skill/Effect">
      <UniqueIdentifier>{bd956c2a-5d20-485b-a768-cd4c3206526c}</UniqueIdentifier>
    </Filter>
    <Filter Include="1. 소스 파일\05. GameObject\-08. UI">
      <UniqueIdentifier>{349096da-51e0-4019-98bb-3d1dca0bf33d}</UniqueIdentifier>
    </Filter>
    <Filter Include="1. 소스 파일\05. GameObject\-08. UI\01. LoadingBack">
      <UniqueIdentifier>{2ca83ded-3149-4ba3-9059-3734940b2c37}</UniqueIdentifier>
    </Filter>
    <Filter Include="1. 소스 파일\06. Component\AnimateComponent">
      <UniqueIdentifier>{3392d3e7-0de4-4ab4-8f38-20abcc94f94f}</UniqueIdentifier>
    </Filter>
    <Filter Include="1. 소스 파일\00. Singleton\-02. FileIO\Importer\AnimationData">
      <UniqueIdentifier>{7a7e8fe3-bb58-428b-9d88-d967cf05fc61}</UniqueIdentifier>
    </Filter>
    <Filter Include="1. 소스 파일\00. Singleton\-02. FileIO\Importer\SkeletonData">
      <UniqueIdentifier>{d378f838-34bf-4d14-ad02-8d3ba32aa0cb}</UniqueIdentifier>
    </Filter>
    <Filter Include="1. 소스 파일\00. Singleton\-02. FileIO\Importer\AnimationData\KeyFrame">
      <UniqueIdentifier>{9621bd32-f033-4c90-a6c5-2290bdb5b1c4}</UniqueIdentifier>
    </Filter>
    <Filter Include="1. 소스 파일\00. Singleton\-02. FileIO\Importer\SkeletonData\FbxJointData">
      <UniqueIdentifier>{16ac0860-e443-42e8-aadf-334d0cac2e37}</UniqueIdentifier>
    </Filter>
    <Filter Include="1. 소스 파일\00. Singleton\-12. NetworkMGR">
      <UniqueIdentifier>{037b9668-8fb3-4035-af79-cb6409d46c06}</UniqueIdentifier>
    </Filter>
    <Filter Include="1. 소스 파일\05. GameObject\-05. Player\0. Pawn">
      <UniqueIdentifier>{563c7ce7-2343-49d4-ba9b-5d18322725e9}</UniqueIdentifier>
    </Filter>
  </ItemGroup>
  <ItemGroup>
    <ClInclude Include="..\..\..\..\..\0. JH%27s Folder\Study\NewClient\ImbossibleBoss\IB_Frame\targetver.h">
      <Filter>1. 소스 파일\99. Default\헤더 파일</Filter>
    </ClInclude>
    <ClInclude Include="..\..\..\..\..\0. JH%27s Folder\Study\NewClient\ImbossibleBoss\IB_Frame\Resource.h">
      <Filter>1. 소스 파일\99. Default\헤더 파일</Filter>
    </ClInclude>
    <ClInclude Include="..\..\..\..\..\0. JH%27s Folder\Study\NewClient\ImbossibleBoss\IB_Frame\stdafx.h">
      <Filter>1. 소스 파일\98. Header</Filter>
    </ClInclude>
    <ClInclude Include="..\..\..\..\..\0. JH%27s Folder\Study\NewClient\ImbossibleBoss\IB_Frame\DebugFontData.h">
      <Filter>1. 소스 파일\00. Singleton\-00. Debuger\DebugFontData</Filter>
    </ClInclude>
    <ClInclude Include="..\..\..\..\..\0. JH%27s Folder\Study\NewClient\ImbossibleBoss\IB_Frame\DebugTextureData.h">
      <Filter>1. 소스 파일\00. Singleton\-00. Debuger\DebugTextureData</Filter>
    </ClInclude>
    <ClInclude Include="..\..\..\..\..\0. JH%27s Folder\Study\NewClient\ImbossibleBoss\IB_Frame\Debuger.h">
      <Filter>1. 소스 파일\00. Singleton\-00. Debuger</Filter>
    </ClInclude>
    <ClInclude Include="..\..\..\..\..\0. JH%27s Folder\Study\NewClient\ImbossibleBoss\IB_Frame\DirectoryFinder.h">
      <Filter>1. 소스 파일\00. Singleton\-01. DirectoryFinder</Filter>
    </ClInclude>
    <ClInclude Include="..\..\..\..\..\0. JH%27s Folder\Study\NewClient\ImbossibleBoss\IB_Frame\TxtImporter.h">
      <Filter>1. 소스 파일\00. Singleton\-02. FileIO\Importer\FileImporter\TxtImporter</Filter>
    </ClInclude>
    <ClInclude Include="..\..\..\..\..\0. JH%27s Folder\Study\NewClient\ImbossibleBoss\IB_Frame\FileImporter.h">
      <Filter>1. 소스 파일\00. Singleton\-02. FileIO\Importer\FileImporter</Filter>
    </ClInclude>
    <ClInclude Include="..\..\..\..\..\0. JH%27s Folder\Study\NewClient\ImbossibleBoss\IB_Frame\Importer.h">
      <Filter>1. 소스 파일\00. Singleton\-02. FileIO\Importer</Filter>
    </ClInclude>
    <ClInclude Include="..\..\..\..\..\0. JH%27s Folder\Study\NewClient\ImbossibleBoss\IB_Frame\GlobalValueManager.h">
      <Filter>1. 소스 파일\00. Singleton\-03. GlobalValueMGR</Filter>
    </ClInclude>
    <ClInclude Include="..\..\..\..\..\0. JH%27s Folder\Study\NewClient\ImbossibleBoss\IB_Frame\InputManager.h">
      <Filter>1. 소스 파일\00. Singleton\-04. InputMGR</Filter>
    </ClInclude>
    <ClInclude Include="..\..\..\..\..\0. JH%27s Folder\Study\NewClient\ImbossibleBoss\IB_Frame\RenderContainerSeller.h">
      <Filter>1. 소스 파일\00. Singleton\-05. RCSeller</Filter>
    </ClInclude>
    <ClInclude Include="..\..\..\..\..\0. JH%27s Folder\Study\NewClient\ImbossibleBoss\IB_Frame\ObjectRenderer.h">
      <Filter>1. 소스 파일\00. Singleton\-06. RENDERER\01. ObjectRenderer</Filter>
    </ClInclude>
    <ClInclude Include="..\..\..\..\..\0. JH%27s Folder\Study\NewClient\ImbossibleBoss\IB_Frame\AORenderer.h">
      <Filter>1. 소스 파일\00. Singleton\-06. RENDERER\02. AORenderer</Filter>
    </ClInclude>
    <ClInclude Include="..\..\..\..\..\0. JH%27s Folder\Study\NewClient\ImbossibleBoss\IB_Frame\LightRenderer.h">
      <Filter>1. 소스 파일\00. Singleton\-06. RENDERER\03. LightRenderer</Filter>
    </ClInclude>
    <ClInclude Include="..\..\..\..\..\0. JH%27s Folder\Study\NewClient\ImbossibleBoss\IB_Frame\BloomDownScale.h">
      <Filter>1. 소스 파일\00. Singleton\-06. RENDERER\04. BloomDownScale</Filter>
    </ClInclude>
    <ClInclude Include="..\..\..\..\..\0. JH%27s Folder\Study\NewClient\ImbossibleBoss\IB_Frame\Bloom.h">
      <Filter>1. 소스 파일\00. Singleton\-06. RENDERER\05. Bloom</Filter>
    </ClInclude>
    <ClInclude Include="..\..\..\..\..\0. JH%27s Folder\Study\NewClient\ImbossibleBoss\IB_Frame\Blur.h">
      <Filter>1. 소스 파일\00. Singleton\-06. RENDERER\06. Blur</Filter>
    </ClInclude>
    <ClInclude Include="..\..\..\..\..\0. JH%27s Folder\Study\NewClient\ImbossibleBoss\IB_Frame\PostProcessingFinalPass.h">
      <Filter>1. 소스 파일\00. Singleton\-06. RENDERER\07. PostProcessingFinalPass</Filter>
    </ClInclude>
    <ClInclude Include="..\..\..\..\..\0. JH%27s Folder\Study\NewClient\ImbossibleBoss\IB_Frame\SSLR.h">
      <Filter>1. 소스 파일\00. Singleton\-06. RENDERER\08. SSLR</Filter>
    </ClInclude>
    <ClInclude Include="..\..\..\..\..\0. JH%27s Folder\Study\NewClient\ImbossibleBoss\IB_Frame\Shadow.h">
      <Filter>1. 소스 파일\00. Singleton\-06. RENDERER\09. Shadow</Filter>
    </ClInclude>
    <ClInclude Include="..\..\..\..\..\0. JH%27s Folder\Study\NewClient\ImbossibleBoss\IB_Frame\UIRenderer.h">
      <Filter>1. 소스 파일\00. Singleton\-06. RENDERER\10. UIRenderer</Filter>
    </ClInclude>
    <ClInclude Include="..\..\..\..\..\0. JH%27s Folder\Study\NewClient\ImbossibleBoss\IB_Frame\WaterRenderer.h">
      <Filter>1. 소스 파일\00. Singleton\-06. RENDERER\11. WaterRenderer</Filter>
    </ClInclude>
    <ClInclude Include="..\..\..\..\..\0. JH%27s Folder\Study\NewClient\ImbossibleBoss\IB_Frame\Renderer.h">
      <Filter>1. 소스 파일\00. Singleton\-06. RENDERER</Filter>
    </ClInclude>
    <ClInclude Include="..\..\..\..\..\0. JH%27s Folder\Study\NewClient\ImbossibleBoss\IB_Frame\ResourceManager.h">
      <Filter>1. 소스 파일\00. Singleton\-07. ResourceMGR</Filter>
    </ClInclude>
    <ClInclude Include="..\..\..\..\..\0. JH%27s Folder\Study\NewClient\ImbossibleBoss\IB_Frame\Timer.h">
      <Filter>1. 소스 파일\00. Singleton\-08. Timer</Filter>
    </ClInclude>
    <ClInclude Include="..\..\..\..\..\0. JH%27s Folder\Study\NewClient\ImbossibleBoss\IB_Frame\Updater.h">
      <Filter>1. 소스 파일\00. Singleton\-09. Updater</Filter>
    </ClInclude>
    <ClInclude Include="..\..\..\..\..\0. JH%27s Folder\Study\NewClient\ImbossibleBoss\IB_Frame\SceneMgr.h">
      <Filter>1. 소스 파일\00. Singleton\-10. SceneMGR</Filter>
    </ClInclude>
    <ClInclude Include="..\..\..\..\..\0. JH%27s Folder\Study\NewClient\ImbossibleBoss\IB_Frame\CameraMgr.h">
      <Filter>1. 소스 파일\00. Singleton\-11. CameraMGR</Filter>
    </ClInclude>
    <ClInclude Include="..\..\..\..\..\0. JH%27s Folder\Study\NewClient\ImbossibleBoss\IB_Frame\Object.h">
      <Filter>1. 소스 파일\01. Object</Filter>
    </ClInclude>
    <ClInclude Include="..\..\..\..\..\0. JH%27s Folder\Study\NewClient\ImbossibleBoss\IB_Frame\DirectXFramework.h">
      <Filter>1. 소스 파일\02. FrameWork</Filter>
    </ClInclude>
    <ClInclude Include="..\..\..\..\..\0. JH%27s Folder\Study\NewClient\ImbossibleBoss\IB_Frame\Scene.h">
      <Filter>1. 소스 파일\03. Scene</Filter>
    </ClInclude>
    <ClInclude Include="..\..\..\..\..\0. JH%27s Folder\Study\NewClient\ImbossibleBoss\IB_Frame\Loading.h">
      <Filter>1. 소스 파일\03. Scene\-00. Loading</Filter>
    </ClInclude>
    <ClInclude Include="..\..\..\..\..\0. JH%27s Folder\Study\NewClient\ImbossibleBoss\IB_Frame\SceneMain.h">
      <Filter>1. 소스 파일\03. Scene\-01. SceneMain</Filter>
    </ClInclude>
    <ClInclude Include="..\..\..\..\..\0. JH%27s Folder\Study\NewClient\ImbossibleBoss\IB_Frame\FreeCamera.h">
      <Filter>1. 소스 파일\04. DXObject\-00. Camera\FreeCamera</Filter>
    </ClInclude>
    <ClInclude Include="..\..\..\..\..\0. JH%27s Folder\Study\NewClient\ImbossibleBoss\IB_Frame\Camera.h">
      <Filter>1. 소스 파일\04. DXObject\-00. Camera</Filter>
    </ClInclude>
    <ClInclude Include="..\..\..\..\..\0. JH%27s Folder\Study\NewClient\ImbossibleBoss\IB_Frame\RenderContainer.h">
      <Filter>1. 소스 파일\04. DXObject\-01. Container\RenderContainer</Filter>
    </ClInclude>
    <ClInclude Include="..\..\..\..\..\0. JH%27s Folder\Study\NewClient\ImbossibleBoss\IB_Frame\DebugRenderContainer.h">
      <Filter>1. 소스 파일\04. DXObject\-01. Container\RenderContainer\Debug</Filter>
    </ClInclude>
    <ClInclude Include="..\..\..\..\..\0. JH%27s Folder\Study\NewClient\ImbossibleBoss\IB_Frame\BoundingBoxMesh.h">
      <Filter>1. 소스 파일\04. DXObject\-02. Mesh\DEBUG\BoundingBoxMesh</Filter>
    </ClInclude>
    <ClInclude Include="..\..\..\..\..\0. JH%27s Folder\Study\NewClient\ImbossibleBoss\IB_Frame\CoordinateSysMesh.h">
      <Filter>1. 소스 파일\04. DXObject\-02. Mesh\DEBUG\CoordinateSysMesh</Filter>
    </ClInclude>
    <ClInclude Include="..\..\..\..\..\0. JH%27s Folder\Study\NewClient\ImbossibleBoss\IB_Frame\DebugTextureMesh.h">
      <Filter>1. 소스 파일\04. DXObject\-02. Mesh\DEBUG\DebugTextureMesh</Filter>
    </ClInclude>
    <ClInclude Include="..\..\..\..\..\0. JH%27s Folder\Study\NewClient\ImbossibleBoss\IB_Frame\CapsuleLightMesh.h">
      <Filter>1. 소스 파일\04. DXObject\-02. Mesh\LightMesh</Filter>
    </ClInclude>
    <ClInclude Include="..\..\..\..\..\0. JH%27s Folder\Study\NewClient\ImbossibleBoss\IB_Frame\DirectionalLightMesh.h">
      <Filter>1. 소스 파일\04. DXObject\-02. Mesh\LightMesh</Filter>
    </ClInclude>
    <ClInclude Include="..\..\..\..\..\0. JH%27s Folder\Study\NewClient\ImbossibleBoss\IB_Frame\PointLightMesh.h">
      <Filter>1. 소스 파일\04. DXObject\-02. Mesh\LightMesh</Filter>
    </ClInclude>
    <ClInclude Include="..\..\..\..\..\0. JH%27s Folder\Study\NewClient\ImbossibleBoss\IB_Frame\SpotLightMesh.h">
      <Filter>1. 소스 파일\04. DXObject\-02. Mesh\LightMesh</Filter>
    </ClInclude>
    <ClInclude Include="..\..\..\..\..\0. JH%27s Folder\Study\NewClient\ImbossibleBoss\IB_Frame\FileBasedMesh.h">
      <Filter>1. 소스 파일\04. DXObject\-02. Mesh\OBJECT\FileBasedMesh</Filter>
    </ClInclude>
    <ClInclude Include="..\..\..\..\..\0. JH%27s Folder\Study\NewClient\ImbossibleBoss\IB_Frame\TerrainMesh.h">
      <Filter>1. 소스 파일\04. DXObject\-02. Mesh\OBJECT\TerrainMesh</Filter>
    </ClInclude>
    <ClInclude Include="..\..\..\..\..\0. JH%27s Folder\Study\NewClient\ImbossibleBoss\IB_Frame\SkyBoxMesh.h">
      <Filter>1. 소스 파일\04. DXObject\-02. Mesh\OBJECT\SkyBoxMesh</Filter>
    </ClInclude>
    <ClInclude Include="..\..\..\..\..\0. JH%27s Folder\Study\NewClient\ImbossibleBoss\IB_Frame\SpaceMesh.h">
      <Filter>1. 소스 파일\04. DXObject\-02. Mesh\OBJECT\SpaceMesh</Filter>
    </ClInclude>
    <ClInclude Include="..\..\..\..\..\0. JH%27s Folder\Study\NewClient\ImbossibleBoss\IB_Frame\TestDeferredMesh.h">
      <Filter>1. 소스 파일\04. DXObject\-02. Mesh\DeferredMesh</Filter>
    </ClInclude>
    <ClInclude Include="..\..\..\..\..\0. JH%27s Folder\Study\NewClient\ImbossibleBoss\IB_Frame\WaterMesh.h">
      <Filter>1. 소스 파일\04. DXObject\-02. Mesh\Water</Filter>
    </ClInclude>
    <ClInclude Include="..\..\..\..\..\0. JH%27s Folder\Study\NewClient\ImbossibleBoss\IB_Frame\ComputeShader.h">
      <Filter>1. 소스 파일\04. DXObject\-03. Shader\ComputerSahder</Filter>
    </ClInclude>
    <ClInclude Include="..\..\..\..\..\0. JH%27s Folder\Study\NewClient\ImbossibleBoss\IB_Frame\RenderShader.h">
      <Filter>1. 소스 파일\04. DXObject\-03. Shader\RenderShader</Filter>
    </ClInclude>
    <ClInclude Include="..\..\..\..\..\0. JH%27s Folder\Study\NewClient\ImbossibleBoss\IB_Frame\Shader.h">
      <Filter>1. 소스 파일\04. DXObject\-03. Shader</Filter>
    </ClInclude>
    <ClInclude Include="..\..\..\..\..\0. JH%27s Folder\Study\NewClient\ImbossibleBoss\IB_Frame\Material.h">
      <Filter>1. 소스 파일\04. DXObject\-04. Material</Filter>
    </ClInclude>
    <ClInclude Include="..\..\..\..\..\0. JH%27s Folder\Study\NewClient\ImbossibleBoss\IB_Frame\Texture.h">
      <Filter>1. 소스 파일\04. DXObject\-05. Texture\Texture</Filter>
    </ClInclude>
    <ClInclude Include="..\..\..\..\..\0. JH%27s Folder\Study\NewClient\ImbossibleBoss\IB_Frame\Sampler.h">
      <Filter>1. 소스 파일\04. DXObject\-05. Texture\Sampler</Filter>
    </ClInclude>
    <ClInclude Include="..\..\..\..\..\0. JH%27s Folder\Study\NewClient\ImbossibleBoss\IB_Frame\Buffer.h">
      <Filter>1. 소스 파일\04. DXObject\-06. Buffer</Filter>
    </ClInclude>
    <ClInclude Include="..\..\..\..\..\0. JH%27s Folder\Study\NewClient\ImbossibleBoss\IB_Frame\AnimationInfo.h">
      <Filter>1. 소스 파일\04. DXObject\-07. Animater\0. AnimationInfo</Filter>
    </ClInclude>
    <ClInclude Include="..\..\..\..\..\0. JH%27s Folder\Study\NewClient\ImbossibleBoss\IB_Frame\Animater.h">
      <Filter>1. 소스 파일\04. DXObject\-07. Animater</Filter>
    </ClInclude>
    <ClInclude Include="..\..\..\..\..\0. JH%27s Folder\Study\NewClient\ImbossibleBoss\IB_Frame\BoundingBox.h">
      <Filter>1. 소스 파일\05. GameObject\-00. DEBUG\BoundingBox</Filter>
    </ClInclude>
    <ClInclude Include="..\..\..\..\..\0. JH%27s Folder\Study\NewClient\ImbossibleBoss\IB_Frame\CoordinateSys.h">
      <Filter>1. 소스 파일\05. GameObject\-00. DEBUG\CoordinateSys</Filter>
    </ClInclude>
    <ClInclude Include="..\..\..\..\..\0. JH%27s Folder\Study\NewClient\ImbossibleBoss\IB_Frame\DebugTexture.h">
      <Filter>1. 소스 파일\05. GameObject\-00. DEBUG\DebugTexture</Filter>
    </ClInclude>
    <ClInclude Include="..\..\..\..\..\0. JH%27s Folder\Study\NewClient\ImbossibleBoss\IB_Frame\CapsuleLight.h">
      <Filter>1. 소스 파일\05. GameObject\-01. Light\CapsuleLight</Filter>
    </ClInclude>
    <ClInclude Include="..\..\..\..\..\0. JH%27s Folder\Study\NewClient\ImbossibleBoss\IB_Frame\DirectionalLight.h">
      <Filter>1. 소스 파일\05. GameObject\-01. Light\DirectionalLight</Filter>
    </ClInclude>
    <ClInclude Include="..\..\..\..\..\0. JH%27s Folder\Study\NewClient\ImbossibleBoss\IB_Frame\PointLight.h">
      <Filter>1. 소스 파일\05. GameObject\-01. Light\PointLight</Filter>
    </ClInclude>
    <ClInclude Include="..\..\..\..\..\0. JH%27s Folder\Study\NewClient\ImbossibleBoss\IB_Frame\SpotLight.h">
      <Filter>1. 소스 파일\05. GameObject\-01. Light\SpotLight</Filter>
    </ClInclude>
    <ClInclude Include="..\..\..\..\..\0. JH%27s Folder\Study\NewClient\ImbossibleBoss\IB_Frame\Light.h">
      <Filter>1. 소스 파일\05. GameObject\-01. Light</Filter>
    </ClInclude>
    <ClInclude Include="..\..\..\..\..\0. JH%27s Folder\Study\NewClient\ImbossibleBoss\IB_Frame\SkyBox.h">
      <Filter>1. 소스 파일\05. GameObject\-02. SkyBox</Filter>
    </ClInclude>
    <ClInclude Include="..\..\..\..\..\0. JH%27s Folder\Study\NewClient\ImbossibleBoss\IB_Frame\SkyBoxContainer.h">
      <Filter>1. 소스 파일\05. GameObject\-02. SkyBox\SkyBoxContainer</Filter>
    </ClInclude>
    <ClInclude Include="..\..\..\..\..\0. JH%27s Folder\Study\NewClient\ImbossibleBoss\IB_Frame\SpaceContainer.h">
      <Filter>1. 소스 파일\05. GameObject\-03. Space\SpaceContainer</Filter>
    </ClInclude>
    <ClInclude Include="..\..\..\..\..\0. JH%27s Folder\Study\NewClient\ImbossibleBoss\IB_Frame\Space.h">
      <Filter>1. 소스 파일\05. GameObject\-03. Space</Filter>
    </ClInclude>
    <ClInclude Include="..\..\..\..\..\0. JH%27s Folder\Study\NewClient\ImbossibleBoss\IB_Frame\SplattingInfoManager.h">
      <Filter>1. 소스 파일\05. GameObject\-04. Terrain\SplattingInfo\SplattingInfoManager</Filter>
    </ClInclude>
    <ClInclude Include="..\..\..\..\..\0. JH%27s Folder\Study\NewClient\ImbossibleBoss\IB_Frame\SplattingInfo.h">
      <Filter>1. 소스 파일\05. GameObject\-04. Terrain\SplattingInfo</Filter>
    </ClInclude>
    <ClInclude Include="..\..\..\..\..\0. JH%27s Folder\Study\NewClient\ImbossibleBoss\IB_Frame\TerrainContainer.h">
      <Filter>1. 소스 파일\05. GameObject\-04. Terrain\TerrainContainer</Filter>
    </ClInclude>
    <ClInclude Include="..\..\..\..\..\0. JH%27s Folder\Study\NewClient\ImbossibleBoss\IB_Frame\Terrain.h">
      <Filter>1. 소스 파일\05. GameObject\-04. Terrain</Filter>
    </ClInclude>
    <ClInclude Include="..\..\..\..\..\0. JH%27s Folder\Study\NewClient\ImbossibleBoss\IB_Frame\UIObject.h">
      <Filter>1. 소스 파일\05. GameObject\-08. UI</Filter>
    </ClInclude>
    <ClInclude Include="..\..\..\..\..\0. JH%27s Folder\Study\NewClient\ImbossibleBoss\IB_Frame\LoadingBack.h">
      <Filter>1. 소스 파일\05. GameObject\-08. UI\01. LoadingBack</Filter>
    </ClInclude>
    <ClInclude Include="..\..\..\..\..\0. JH%27s Folder\Study\NewClient\ImbossibleBoss\IB_Frame\GameObject.h">
      <Filter>1. 소스 파일\05. GameObject</Filter>
    </ClInclude>
    <ClInclude Include="..\..\..\..\..\0. JH%27s Folder\Study\NewClient\ImbossibleBoss\IB_Frame\Component.h">
      <Filter>1. 소스 파일\06. Component</Filter>
    </ClInclude>
    <ClInclude Include="..\..\..\..\..\0. JH%27s Folder\Study\NewClient\ImbossibleBoss\IB_Frame\AnimateComponent.h">
      <Filter>1. 소스 파일\06. Component\AnimateComponent</Filter>
    </ClInclude>
    <ClInclude Include="..\..\..\..\..\0. JH%27s Folder\Study\NewClient\ImbossibleBoss\IB_Frame\RotateComponent.h">
      <Filter>1. 소스 파일\06. Component\AnimateComponent</Filter>
    </ClInclude>
    <ClInclude Include="..\..\..\..\..\0. JH%27s Folder\Study\NewClient\ImbossibleBoss\IB_Frame\Struct.h">
      <Filter>1. 소스 파일\98. Header</Filter>
    </ClInclude>
    <ClInclude Include="..\..\..\..\..\0. JH%27s Folder\Study\NewClient\ImbossibleBoss\IB_Frame\Define.h">
      <Filter>1. 소스 파일\98. Header</Filter>
    </ClInclude>
    <ClInclude Include="..\..\..\..\..\0. JH%27s Folder\Study\NewClient\ImbossibleBoss\IB_Frame\Enum.h">
      <Filter>1. 소스 파일\98. Header</Filter>
    </ClInclude>
    <ClInclude Include="..\..\..\..\..\0. JH%27s Folder\Study\NewClient\ImbossibleBoss\IB_Frame\Function.h">
      <Filter>1. 소스 파일\98. Header</Filter>
    </ClInclude>
    <ClInclude Include="..\..\..\..\..\0. JH%27s Folder\Study\NewClient\ImbossibleBoss\IB_Frame\KeyFrame.h">
      <Filter>1. 소스 파일\00. Singleton\-02. FileIO\Importer\AnimationData\KeyFrame</Filter>
    </ClInclude>
    <ClInclude Include="..\..\..\..\..\0. JH%27s Folder\Study\NewClient\ImbossibleBoss\IB_Frame\FbxJointData.h">
      <Filter>1. 소스 파일\00. Singleton\-02. FileIO\Importer\SkeletonData\FbxJointData</Filter>
    </ClInclude>
    <ClInclude Include="..\..\..\..\..\0. JH%27s Folder\Study\NewClient\ImbossibleBoss\IB_Frame\SkeletonData.h">
      <Filter>1. 소스 파일\00. Singleton\-02. FileIO\Importer\SkeletonData</Filter>
    </ClInclude>
    <ClInclude Include="..\..\..\..\..\0. JH%27s Folder\Study\NewClient\ImbossibleBoss\IB_Frame\AnimationData.h">
      <Filter>1. 소스 파일\00. Singleton\-02. FileIO\Importer\AnimationData</Filter>
    </ClInclude>
    <ClInclude Include="..\..\..\..\..\0. JH%27s Folder\Study\NewClient\ImbossibleBoss\IB_Frame\Mesh.h">
      <Filter>1. 소스 파일\04. DXObject\-02. Mesh</Filter>
    </ClInclude>
    <ClInclude Include="..\..\..\..\..\0. JH%27s Folder\Study\NewClient\ImbossibleBoss\IB_Frame\DXObject.h">
      <Filter>1. 소스 파일\04. DXObject</Filter>
    </ClInclude>
    <ClInclude Include="..\..\..\..\..\0. JH%27s Folder\Study\NewClient\ImbossibleBoss\IB_Frame\IB_Frame.h">
      <Filter>1. 소스 파일</Filter>
    </ClInclude>
    <ClInclude Include="..\..\..\..\..\0. JH%27s Folder\Study\NewClient\ImbossibleBoss\IB_Frame\NetworkMgr.h">
      <Filter>1. 소스 파일\00. Singleton\-12. NetworkMGR</Filter>
    </ClInclude>
    <ClInclude Include="..\..\..\..\..\0. JH%27s Folder\Study\NewClient\ImbossibleBoss\IB_Frame\Pawn.h">
      <Filter>1. 소스 파일\05. GameObject\-05. Player\0. Pawn</Filter>
    </ClInclude>
  </ItemGroup>
  <ItemGroup>
    <ClCompile Include="..\..\..\..\..\0. JH%27s Folder\Study\NewClient\ImbossibleBoss\IB_Frame\stdafx.cpp">
      <Filter>1. 소스 파일\99. Default\헤더 파일</Filter>
    </ClCompile>
    <ClCompile Include="..\..\..\..\..\0. JH%27s Folder\Study\NewClient\ImbossibleBoss\IB_Frame\DebugFontData.cpp">
      <Filter>1. 소스 파일\00. Singleton\-00. Debuger\DebugFontData</Filter>
    </ClCompile>
    <ClCompile Include="..\..\..\..\..\0. JH%27s Folder\Study\NewClient\ImbossibleBoss\IB_Frame\DebugTextureData.cpp">
      <Filter>1. 소스 파일\00. Singleton\-00. Debuger\DebugTextureData</Filter>
    </ClCompile>
    <ClCompile Include="..\..\..\..\..\0. JH%27s Folder\Study\NewClient\ImbossibleBoss\IB_Frame\Debuger.cpp">
      <Filter>1. 소스 파일\00. Singleton\-00. Debuger</Filter>
    </ClCompile>
    <ClCompile Include="..\..\..\..\..\0. JH%27s Folder\Study\NewClient\ImbossibleBoss\IB_Frame\DirectoryFinder.cpp">
      <Filter>1. 소스 파일\00. Singleton\-01. DirectoryFinder</Filter>
    </ClCompile>
    <ClCompile Include="..\..\..\..\..\0. JH%27s Folder\Study\NewClient\ImbossibleBoss\IB_Frame\TxtImporter.cpp">
      <Filter>1. 소스 파일\00. Singleton\-02. FileIO\Importer\FileImporter\TxtImporter</Filter>
    </ClCompile>
    <ClCompile Include="..\..\..\..\..\0. JH%27s Folder\Study\NewClient\ImbossibleBoss\IB_Frame\FileImporter.cpp">
      <Filter>1. 소스 파일\00. Singleton\-02. FileIO\Importer\FileImporter</Filter>
    </ClCompile>
    <ClCompile Include="..\..\..\..\..\0. JH%27s Folder\Study\NewClient\ImbossibleBoss\IB_Frame\Importer.cpp">
      <Filter>1. 소스 파일\00. Singleton\-02. FileIO\Importer</Filter>
    </ClCompile>
    <ClCompile Include="..\..\..\..\..\0. JH%27s Folder\Study\NewClient\ImbossibleBoss\IB_Frame\GlobalValueManager.cpp">
      <Filter>1. 소스 파일\00. Singleton\-03. GlobalValueMGR</Filter>
    </ClCompile>
    <ClCompile Include="..\..\..\..\..\0. JH%27s Folder\Study\NewClient\ImbossibleBoss\IB_Frame\InputManager.cpp">
      <Filter>1. 소스 파일\00. Singleton\-04. InputMGR</Filter>
    </ClCompile>
    <ClCompile Include="..\..\..\..\..\0. JH%27s Folder\Study\NewClient\ImbossibleBoss\IB_Frame\RenderContainerSeller.cpp">
      <Filter>1. 소스 파일\00. Singleton\-05. RCSeller</Filter>
    </ClCompile>
    <ClCompile Include="..\..\..\..\..\0. JH%27s Folder\Study\NewClient\ImbossibleBoss\IB_Frame\ObjectRenderer.cpp">
      <Filter>1. 소스 파일\00. Singleton\-06. RENDERER\01. ObjectRenderer</Filter>
    </ClCompile>
    <ClCompile Include="..\..\..\..\..\0. JH%27s Folder\Study\NewClient\ImbossibleBoss\IB_Frame\AORenderer.cpp">
      <Filter>1. 소스 파일\00. Singleton\-06. RENDERER\02. AORenderer</Filter>
    </ClCompile>
    <ClCompile Include="..\..\..\..\..\0. JH%27s Folder\Study\NewClient\ImbossibleBoss\IB_Frame\LightRenderer.cpp">
      <Filter>1. 소스 파일\00. Singleton\-06. RENDERER\03. LightRenderer</Filter>
    </ClCompile>
    <ClCompile Include="..\..\..\..\..\0. JH%27s Folder\Study\NewClient\ImbossibleBoss\IB_Frame\BloomDownScale.cpp">
      <Filter>1. 소스 파일\00. Singleton\-06. RENDERER\04. BloomDownScale</Filter>
    </ClCompile>
    <ClCompile Include="..\..\..\..\..\0. JH%27s Folder\Study\NewClient\ImbossibleBoss\IB_Frame\Bloom.cpp">
      <Filter>1. 소스 파일\00. Singleton\-06. RENDERER\05. Bloom</Filter>
    </ClCompile>
    <ClCompile Include="..\..\..\..\..\0. JH%27s Folder\Study\NewClient\ImbossibleBoss\IB_Frame\Blur.cpp">
      <Filter>1. 소스 파일\00. Singleton\-06. RENDERER\06. Blur</Filter>
    </ClCompile>
    <ClCompile Include="..\..\..\..\..\0. JH%27s Folder\Study\NewClient\ImbossibleBoss\IB_Frame\PostProcessingFinalPass.cpp">
      <Filter>1. 소스 파일\00. Singleton\-06. RENDERER\07. PostProcessingFinalPass</Filter>
    </ClCompile>
    <ClCompile Include="..\..\..\..\..\0. JH%27s Folder\Study\NewClient\ImbossibleBoss\IB_Frame\SSLR.cpp">
      <Filter>1. 소스 파일\00. Singleton\-06. RENDERER\08. SSLR</Filter>
    </ClCompile>
    <ClCompile Include="..\..\..\..\..\0. JH%27s Folder\Study\NewClient\ImbossibleBoss\IB_Frame\Shadow.cpp">
      <Filter>1. 소스 파일\00. Singleton\-06. RENDERER\09. Shadow</Filter>
    </ClCompile>
    <ClCompile Include="..\..\..\..\..\0. JH%27s Folder\Study\NewClient\ImbossibleBoss\IB_Frame\UIRenderer.cpp">
      <Filter>1. 소스 파일\00. Singleton\-06. RENDERER\10. UIRenderer</Filter>
    </ClCompile>
    <ClCompile Include="..\..\..\..\..\0. JH%27s Folder\Study\NewClient\ImbossibleBoss\IB_Frame\WaterRenderer.cpp">
      <Filter>1. 소스 파일\00. Singleton\-06. RENDERER\11. WaterRenderer</Filter>
    </ClCompile>
    <ClCompile Include="..\..\..\..\..\0. JH%27s Folder\Study\NewClient\ImbossibleBoss\IB_Frame\Renderer.cpp">
      <Filter>1. 소스 파일\00. Singleton\-06. RENDERER</Filter>
    </ClCompile>
    <ClCompile Include="..\..\..\..\..\0. JH%27s Folder\Study\NewClient\ImbossibleBoss\IB_Frame\ResourceManager.cpp">
      <Filter>1. 소스 파일\00. Singleton\-07. ResourceMGR</Filter>
    </ClCompile>
    <ClCompile Include="..\..\..\..\..\0. JH%27s Folder\Study\NewClient\ImbossibleBoss\IB_Frame\Timer.cpp">
      <Filter>1. 소스 파일\00. Singleton\-08. Timer</Filter>
    </ClCompile>
    <ClCompile Include="..\..\..\..\..\0. JH%27s Folder\Study\NewClient\ImbossibleBoss\IB_Frame\Updater.cpp">
      <Filter>1. 소스 파일\00. Singleton\-09. Updater</Filter>
    </ClCompile>
    <ClCompile Include="..\..\..\..\..\0. JH%27s Folder\Study\NewClient\ImbossibleBoss\IB_Frame\SceneMgr.cpp">
      <Filter>1. 소스 파일\00. Singleton\-10. SceneMGR</Filter>
    </ClCompile>
    <ClCompile Include="..\..\..\..\..\0. JH%27s Folder\Study\NewClient\ImbossibleBoss\IB_Frame\CameraMgr.cpp">
      <Filter>1. 소스 파일\00. Singleton\-11. CameraMGR</Filter>
    </ClCompile>
    <ClCompile Include="..\..\..\..\..\0. JH%27s Folder\Study\NewClient\ImbossibleBoss\IB_Frame\Object.cpp">
      <Filter>1. 소스 파일\01. Object</Filter>
    </ClCompile>
    <ClCompile Include="..\..\..\..\..\0. JH%27s Folder\Study\NewClient\ImbossibleBoss\IB_Frame\DirectXFramework.cpp">
      <Filter>1. 소스 파일\02. FrameWork</Filter>
    </ClCompile>
    <ClCompile Include="..\..\..\..\..\0. JH%27s Folder\Study\NewClient\ImbossibleBoss\IB_Frame\Scene.cpp">
      <Filter>1. 소스 파일\03. Scene</Filter>
    </ClCompile>
    <ClCompile Include="..\..\..\..\..\0. JH%27s Folder\Study\NewClient\ImbossibleBoss\IB_Frame\Loading.cpp">
      <Filter>1. 소스 파일\03. Scene\-00. Loading</Filter>
    </ClCompile>
    <ClCompile Include="..\..\..\..\..\0. JH%27s Folder\Study\NewClient\ImbossibleBoss\IB_Frame\SceneMain.cpp">
      <Filter>1. 소스 파일\03. Scene\-01. SceneMain</Filter>
    </ClCompile>
    <ClCompile Include="..\..\..\..\..\0. JH%27s Folder\Study\NewClient\ImbossibleBoss\IB_Frame\FreeCamera.cpp">
      <Filter>1. 소스 파일\04. DXObject\-00. Camera\FreeCamera</Filter>
    </ClCompile>
    <ClCompile Include="..\..\..\..\..\0. JH%27s Folder\Study\NewClient\ImbossibleBoss\IB_Frame\Camera.cpp">
      <Filter>1. 소스 파일\04. DXObject\-00. Camera</Filter>
    </ClCompile>
    <ClCompile Include="..\..\..\..\..\0. JH%27s Folder\Study\NewClient\ImbossibleBoss\IB_Frame\RenderContainer.cpp">
      <Filter>1. 소스 파일\04. DXObject\-01. Container\RenderContainer</Filter>
    </ClCompile>
    <ClCompile Include="..\..\..\..\..\0. JH%27s Folder\Study\NewClient\ImbossibleBoss\IB_Frame\DebugRenderContainer.cpp">
      <Filter>1. 소스 파일\04. DXObject\-01. Container\RenderContainer\Debug</Filter>
    </ClCompile>
    <ClCompile Include="..\..\..\..\..\0. JH%27s Folder\Study\NewClient\ImbossibleBoss\IB_Frame\BoundingBoxMesh.cpp">
      <Filter>1. 소스 파일\04. DXObject\-02. Mesh\DEBUG\BoundingBoxMesh</Filter>
    </ClCompile>
    <ClCompile Include="..\..\..\..\..\0. JH%27s Folder\Study\NewClient\ImbossibleBoss\IB_Frame\CoordinateSysMesh.cpp">
      <Filter>1. 소스 파일\04. DXObject\-02. Mesh\DEBUG\CoordinateSysMesh</Filter>
    </ClCompile>
    <ClCompile Include="..\..\..\..\..\0. JH%27s Folder\Study\NewClient\ImbossibleBoss\IB_Frame\DebugTextureMesh.cpp">
      <Filter>1. 소스 파일\04. DXObject\-02. Mesh\DEBUG\DebugTextureMesh</Filter>
    </ClCompile>
    <ClCompile Include="..\..\..\..\..\0. JH%27s Folder\Study\NewClient\ImbossibleBoss\IB_Frame\CapsuleLightMesh.cpp">
      <Filter>1. 소스 파일\04. DXObject\-02. Mesh\LightMesh</Filter>
    </ClCompile>
    <ClCompile Include="..\..\..\..\..\0. JH%27s Folder\Study\NewClient\ImbossibleBoss\IB_Frame\DirectionalLightMesh.cpp">
      <Filter>1. 소스 파일\04. DXObject\-02. Mesh\LightMesh</Filter>
    </ClCompile>
    <ClCompile Include="..\..\..\..\..\0. JH%27s Folder\Study\NewClient\ImbossibleBoss\IB_Frame\PointLightMesh.cpp">
      <Filter>1. 소스 파일\04. DXObject\-02. Mesh\LightMesh</Filter>
    </ClCompile>
    <ClCompile Include="..\..\..\..\..\0. JH%27s Folder\Study\NewClient\ImbossibleBoss\IB_Frame\SpotLightMesh.cpp">
      <Filter>1. 소스 파일\04. DXObject\-02. Mesh\LightMesh</Filter>
    </ClCompile>
    <ClCompile Include="..\..\..\..\..\0. JH%27s Folder\Study\NewClient\ImbossibleBoss\IB_Frame\FileBasedMesh.cpp">
      <Filter>1. 소스 파일\04. DXObject\-02. Mesh\OBJECT\FileBasedMesh</Filter>
    </ClCompile>
    <ClCompile Include="..\..\..\..\..\0. JH%27s Folder\Study\NewClient\ImbossibleBoss\IB_Frame\TerrainMesh.cpp">
      <Filter>1. 소스 파일\04. DXObject\-02. Mesh\OBJECT\TerrainMesh</Filter>
    </ClCompile>
    <ClCompile Include="..\..\..\..\..\0. JH%27s Folder\Study\NewClient\ImbossibleBoss\IB_Frame\SkyBoxMesh.cpp">
      <Filter>1. 소스 파일\04. DXObject\-02. Mesh\OBJECT\SkyBoxMesh</Filter>
    </ClCompile>
    <ClCompile Include="..\..\..\..\..\0. JH%27s Folder\Study\NewClient\ImbossibleBoss\IB_Frame\SpaceMesh.cpp">
      <Filter>1. 소스 파일\04. DXObject\-02. Mesh\OBJECT\SpaceMesh</Filter>
    </ClCompile>
    <ClCompile Include="..\..\..\..\..\0. JH%27s Folder\Study\NewClient\ImbossibleBoss\IB_Frame\TestDeferredMesh.cpp">
      <Filter>1. 소스 파일\04. DXObject\-02. Mesh\DeferredMesh</Filter>
    </ClCompile>
    <ClCompile Include="..\..\..\..\..\0. JH%27s Folder\Study\NewClient\ImbossibleBoss\IB_Frame\WaterMesh.cpp">
      <Filter>1. 소스 파일\04. DXObject\-02. Mesh\Water</Filter>
    </ClCompile>
    <ClCompile Include="..\..\..\..\..\0. JH%27s Folder\Study\NewClient\ImbossibleBoss\IB_Frame\ComputeShader.cpp">
      <Filter>1. 소스 파일\04. DXObject\-03. Shader\ComputerSahder</Filter>
    </ClCompile>
    <ClCompile Include="..\..\..\..\..\0. JH%27s Folder\Study\NewClient\ImbossibleBoss\IB_Frame\RenderShader.cpp">
      <Filter>1. 소스 파일\04. DXObject\-03. Shader\RenderShader</Filter>
    </ClCompile>
    <ClCompile Include="..\..\..\..\..\0. JH%27s Folder\Study\NewClient\ImbossibleBoss\IB_Frame\Shader.cpp">
      <Filter>1. 소스 파일\04. DXObject\-03. Shader</Filter>
    </ClCompile>
    <ClCompile Include="..\..\..\..\..\0. JH%27s Folder\Study\NewClient\ImbossibleBoss\IB_Frame\Material.cpp">
      <Filter>1. 소스 파일\04. DXObject\-04. Material</Filter>
    </ClCompile>
    <ClCompile Include="..\..\..\..\..\0. JH%27s Folder\Study\NewClient\ImbossibleBoss\IB_Frame\Texture.cpp">
      <Filter>1. 소스 파일\04. DXObject\-05. Texture\Texture</Filter>
    </ClCompile>
    <ClCompile Include="..\..\..\..\..\0. JH%27s Folder\Study\NewClient\ImbossibleBoss\IB_Frame\Sampler.cpp">
      <Filter>1. 소스 파일\04. DXObject\-05. Texture\Sampler</Filter>
    </ClCompile>
    <ClCompile Include="..\..\..\..\..\0. JH%27s Folder\Study\NewClient\ImbossibleBoss\IB_Frame\Buffer.cpp">
      <Filter>1. 소스 파일\04. DXObject\-06. Buffer</Filter>
    </ClCompile>
    <ClCompile Include="..\..\..\..\..\0. JH%27s Folder\Study\NewClient\ImbossibleBoss\IB_Frame\AnimationInfo.cpp">
      <Filter>1. 소스 파일\04. DXObject\-07. Animater\0. AnimationInfo</Filter>
    </ClCompile>
    <ClCompile Include="..\..\..\..\..\0. JH%27s Folder\Study\NewClient\ImbossibleBoss\IB_Frame\Animater.cpp">
      <Filter>1. 소스 파일\04. DXObject\-07. Animater</Filter>
    </ClCompile>
    <ClCompile Include="..\..\..\..\..\0. JH%27s Folder\Study\NewClient\ImbossibleBoss\IB_Frame\BoundingBox.cpp">
      <Filter>1. 소스 파일\05. GameObject\-00. DEBUG\BoundingBox</Filter>
    </ClCompile>
    <ClCompile Include="..\..\..\..\..\0. JH%27s Folder\Study\NewClient\ImbossibleBoss\IB_Frame\CoordinateSys.cpp">
      <Filter>1. 소스 파일\05. GameObject\-00. DEBUG\CoordinateSys</Filter>
    </ClCompile>
    <ClCompile Include="..\..\..\..\..\0. JH%27s Folder\Study\NewClient\ImbossibleBoss\IB_Frame\DebugTexture.cpp">
      <Filter>1. 소스 파일\05. GameObject\-00. DEBUG\DebugTexture</Filter>
    </ClCompile>
    <ClCompile Include="..\..\..\..\..\0. JH%27s Folder\Study\NewClient\ImbossibleBoss\IB_Frame\CapsuleLight.cpp">
      <Filter>1. 소스 파일\05. GameObject\-01. Light\CapsuleLight</Filter>
    </ClCompile>
    <ClCompile Include="..\..\..\..\..\0. JH%27s Folder\Study\NewClient\ImbossibleBoss\IB_Frame\DirectionalLight.cpp">
      <Filter>1. 소스 파일\05. GameObject\-01. Light\DirectionalLight</Filter>
    </ClCompile>
    <ClCompile Include="..\..\..\..\..\0. JH%27s Folder\Study\NewClient\ImbossibleBoss\IB_Frame\PointLight.cpp">
      <Filter>1. 소스 파일\05. GameObject\-01. Light\PointLight</Filter>
    </ClCompile>
    <ClCompile Include="..\..\..\..\..\0. JH%27s Folder\Study\NewClient\ImbossibleBoss\IB_Frame\SpotLight.cpp">
      <Filter>1. 소스 파일\05. GameObject\-01. Light\SpotLight</Filter>
    </ClCompile>
    <ClCompile Include="..\..\..\..\..\0. JH%27s Folder\Study\NewClient\ImbossibleBoss\IB_Frame\Light.cpp">
      <Filter>1. 소스 파일\05. GameObject\-01. Light</Filter>
    </ClCompile>
    <ClCompile Include="..\..\..\..\..\0. JH%27s Folder\Study\NewClient\ImbossibleBoss\IB_Frame\SkyBox.cpp">
      <Filter>1. 소스 파일\05. GameObject\-02. SkyBox</Filter>
    </ClCompile>
    <ClCompile Include="..\..\..\..\..\0. JH%27s Folder\Study\NewClient\ImbossibleBoss\IB_Frame\SkyBoxContainer.cpp">
      <Filter>1. 소스 파일\05. GameObject\-02. SkyBox\SkyBoxContainer</Filter>
    </ClCompile>
    <ClCompile Include="..\..\..\..\..\0. JH%27s Folder\Study\NewClient\ImbossibleBoss\IB_Frame\SpaceContainer.cpp">
      <Filter>1. 소스 파일\05. GameObject\-03. Space\SpaceContainer</Filter>
    </ClCompile>
    <ClCompile Include="..\..\..\..\..\0. JH%27s Folder\Study\NewClient\ImbossibleBoss\IB_Frame\Space.cpp">
      <Filter>1. 소스 파일\05. GameObject\-03. Space</Filter>
    </ClCompile>
    <ClCompile Include="..\..\..\..\..\0. JH%27s Folder\Study\NewClient\ImbossibleBoss\IB_Frame\SplattingInfoManager.cpp">
      <Filter>1. 소스 파일\05. GameObject\-04. Terrain\SplattingInfo\SplattingInfoManager</Filter>
    </ClCompile>
    <ClCompile Include="..\..\..\..\..\0. JH%27s Folder\Study\NewClient\ImbossibleBoss\IB_Frame\SplattingInfo.cpp">
      <Filter>1. 소스 파일\05. GameObject\-04. Terrain\SplattingInfo</Filter>
    </ClCompile>
    <ClCompile Include="..\..\..\..\..\0. JH%27s Folder\Study\NewClient\ImbossibleBoss\IB_Frame\TerrainContainer.cpp">
      <Filter>1. 소스 파일\05. GameObject\-04. Terrain\TerrainContainer</Filter>
    </ClCompile>
    <ClCompile Include="..\..\..\..\..\0. JH%27s Folder\Study\NewClient\ImbossibleBoss\IB_Frame\Terrain.cpp">
      <Filter>1. 소스 파일\05. GameObject\-04. Terrain</Filter>
    </ClCompile>
    <ClCompile Include="..\..\..\..\..\0. JH%27s Folder\Study\NewClient\ImbossibleBoss\IB_Frame\UIObject.cpp">
      <Filter>1. 소스 파일\05. GameObject\-08. UI</Filter>
    </ClCompile>
    <ClCompile Include="..\..\..\..\..\0. JH%27s Folder\Study\NewClient\ImbossibleBoss\IB_Frame\LoadingBack.cpp">
      <Filter>1. 소스 파일\05. GameObject\-08. UI\01. LoadingBack</Filter>
    </ClCompile>
    <ClCompile Include="..\..\..\..\..\0. JH%27s Folder\Study\NewClient\ImbossibleBoss\IB_Frame\GameObject.cpp">
      <Filter>1. 소스 파일\05. GameObject</Filter>
    </ClCompile>
    <ClCompile Include="..\..\..\..\..\0. JH%27s Folder\Study\NewClient\ImbossibleBoss\IB_Frame\Component.cpp">
      <Filter>1. 소스 파일\06. Component</Filter>
    </ClCompile>
    <ClCompile Include="..\..\..\..\..\0. JH%27s Folder\Study\NewClient\ImbossibleBoss\IB_Frame\AnimateComponent.cpp">
      <Filter>1. 소스 파일\06. Component\AnimateComponent</Filter>
    </ClCompile>
    <ClCompile Include="..\..\..\..\..\0. JH%27s Folder\Study\NewClient\ImbossibleBoss\IB_Frame\RotateComponent.cpp">
      <Filter>1. 소스 파일\06. Component\AnimateComponent</Filter>
    </ClCompile>
    <ClCompile Include="..\..\..\..\..\0. JH%27s Folder\Study\NewClient\ImbossibleBoss\IB_Frame\KeyFrame.cpp">
      <Filter>1. 소스 파일\00. Singleton\-02. FileIO\Importer\AnimationData\KeyFrame</Filter>
    </ClCompile>
    <ClCompile Include="..\..\..\..\..\0. JH%27s Folder\Study\NewClient\ImbossibleBoss\IB_Frame\FbxJointData.cpp">
      <Filter>1. 소스 파일\00. Singleton\-02. FileIO\Importer\SkeletonData\FbxJointData</Filter>
    </ClCompile>
    <ClCompile Include="..\..\..\..\..\0. JH%27s Folder\Study\NewClient\ImbossibleBoss\IB_Frame\SkeletonData.cpp">
      <Filter>1. 소스 파일\00. Singleton\-02. FileIO\Importer\SkeletonData</Filter>
    </ClCompile>
    <ClCompile Include="..\..\..\..\..\0. JH%27s Folder\Study\NewClient\ImbossibleBoss\IB_Frame\AnimationData.cpp">
      <Filter>1. 소스 파일\00. Singleton\-02. FileIO\Importer\AnimationData</Filter>
    </ClCompile>
    <ClCompile Include="..\..\..\..\..\0. JH%27s Folder\Study\NewClient\ImbossibleBoss\IB_Frame\Mesh.cpp">
      <Filter>1. 소스 파일\04. DXObject\-02. Mesh</Filter>
    </ClCompile>
    <ClCompile Include="..\..\..\..\..\0. JH%27s Folder\Study\NewClient\ImbossibleBoss\IB_Frame\DXObject.cpp">
      <Filter>1. 소스 파일\04. DXObject</Filter>
    </ClCompile>
    <ClCompile Include="..\..\..\..\..\0. JH%27s Folder\Study\NewClient\ImbossibleBoss\IB_Frame\IB_Frame.cpp">
      <Filter>1. 소스 파일</Filter>
    </ClCompile>
    <ClCompile Include="..\..\..\..\..\0. JH%27s Folder\Study\NewClient\ImbossibleBoss\IB_Frame\NetworkMgr.cpp">
      <Filter>1. 소스 파일\00. Singleton\-12. NetworkMGR</Filter>
    </ClCompile>
    <ClCompile Include="..\..\..\..\..\0. JH%27s Folder\Study\NewClient\ImbossibleBoss\IB_Frame\Pawn.cpp">
      <Filter>1. 소스 파일\05. GameObject\-05. Player\0. Pawn</Filter>
    </ClCompile>
  </ItemGroup>
  <ItemGroup>
    <ResourceCompile Include="..\..\..\..\..\0. JH%27s Folder\Study\NewClient\ImbossibleBoss\IB_Frame\IB_Frame.rc">
      <Filter>1. 소스 파일\99. Default\리소스 파일</Filter>
    </ResourceCompile>
  </ItemGroup>
  <ItemGroup>
    <Image Include="..\..\..\..\..\0. JH%27s Folder\Study\NewClient\ImbossibleBoss\IB_Frame\small.ico">
      <Filter>1. 소스 파일\99. Default\리소스 파일</Filter>
    </Image>
    <Image Include="..\..\..\..\..\0. JH%27s Folder\Study\NewClient\ImbossibleBoss\IB_Frame\IB_Frame.ico">
      <Filter>1. 소스 파일\99. Default\리소스 파일</Filter>
    </Image>
  </ItemGroup>
  <ItemGroup>
    <Text Include="..\..\..\..\..\0. JH%27s Folder\Study\NewClient\ImbossibleBoss\IB_Frame\ReadMe.txt">
      <Filter>1. 소스 파일\99. Default\리소스 파일</Filter>
    </Text>
  </ItemGroup>
  <ItemGroup>
    <FxCompile Include="..\..\..\..\..\0. JH%27s Folder\Study\NewClient\ImbossibleBoss\IB_Frame\VSAnimationObject.hlsl">
      <Filter>0. HLSL\00. AnimationObj</Filter>
    </FxCompile>
    <FxCompile Include="..\..\..\..\..\0. JH%27s Folder\Study\NewClient\ImbossibleBoss\IB_Frame\PSAnimationObject.hlsl">
      <Filter>0. HLSL\00. AnimationObj</Filter>
    </FxCompile>
    <FxCompile Include="..\..\..\..\..\0. JH%27s Folder\Study\NewClient\ImbossibleBoss\IB_Frame\CSAONormalDepthDownScale.hlsl">
      <Filter>0. HLSL\01. Compute\-0. AmbientOcculusion</Filter>
    </FxCompile>
    <FxCompile Include="..\..\..\..\..\0. JH%27s Folder\Study\NewClient\ImbossibleBoss\IB_Frame\CSSSAOCompute.hlsl">
      <Filter>0. HLSL\01. Compute\-0. AmbientOcculusion</Filter>
    </FxCompile>
    <FxCompile Include="..\..\..\..\..\0. JH%27s Folder\Study\NewClient\ImbossibleBoss\IB_Frame\CSDownScaleFirstPass.hlsl">
      <Filter>0. HLSL\01. Compute\-1. PostProcessing</Filter>
    </FxCompile>
    <FxCompile Include="..\..\..\..\..\0. JH%27s Folder\Study\NewClient\ImbossibleBoss\IB_Frame\CSDownScaleSecondPass.hlsl">
      <Filter>0. HLSL\01. Compute\-1. PostProcessing</Filter>
    </FxCompile>
    <FxCompile Include="..\..\..\..\..\0. JH%27s Folder\Study\NewClient\ImbossibleBoss\IB_Frame\CSHorizontalBlur.hlsl">
      <Filter>0. HLSL\01. Compute\-1. PostProcessing</Filter>
    </FxCompile>
    <FxCompile Include="..\..\..\..\..\0. JH%27s Folder\Study\NewClient\ImbossibleBoss\IB_Frame\CSVerticalBlur.hlsl">
      <Filter>0. HLSL\01. Compute\-1. PostProcessing</Filter>
    </FxCompile>
    <FxCompile Include="..\..\..\..\..\0. JH%27s Folder\Study\NewClient\ImbossibleBoss\IB_Frame\CSBloom.hlsl">
      <Filter>0. HLSL\01. Compute\-1. PostProcessing</Filter>
    </FxCompile>
    <FxCompile Include="..\..\..\..\..\0. JH%27s Folder\Study\NewClient\ImbossibleBoss\IB_Frame\Occlussion.hlsl">
      <Filter>0. HLSL\01. Compute\-2. SSLR</Filter>
    </FxCompile>
    <FxCompile Include="..\..\..\..\..\0. JH%27s Folder\Study\NewClient\ImbossibleBoss\IB_Frame\PSBoundingBox.hlsl">
      <Filter>0. HLSL\02. Debug\-0. BoundingBox</Filter>
    </FxCompile>
    <FxCompile Include="..\..\..\..\..\0. JH%27s Folder\Study\NewClient\ImbossibleBoss\IB_Frame\PSCoordinateSys.hlsl">
      <Filter>0. HLSL\02. Debug\-1. CoordinateSys</Filter>
    </FxCompile>
    <FxCompile Include="..\..\..\..\..\0. JH%27s Folder\Study\NewClient\ImbossibleBoss\IB_Frame\PSDebugDepthTexture.hlsl">
      <Filter>0. HLSL\02. Debug\-2. DebugDepthTex</Filter>
    </FxCompile>
    <FxCompile Include="..\..\..\..\..\0. JH%27s Folder\Study\NewClient\ImbossibleBoss\IB_Frame\PSDebugTexture.hlsl">
      <Filter>0. HLSL\02. Debug\-3. DebugTex</Filter>
    </FxCompile>
    <FxCompile Include="..\..\..\..\..\0. JH%27s Folder\Study\NewClient\ImbossibleBoss\IB_Frame\VSBoundingBox.hlsl">
      <Filter>0. HLSL\02. Debug\-0. BoundingBox</Filter>
    </FxCompile>
    <FxCompile Include="..\..\..\..\..\0. JH%27s Folder\Study\NewClient\ImbossibleBoss\IB_Frame\VSCoordinateSys.hlsl">
      <Filter>0. HLSL\02. Debug\-1. CoordinateSys</Filter>
    </FxCompile>
    <FxCompile Include="..\..\..\..\..\0. JH%27s Folder\Study\NewClient\ImbossibleBoss\IB_Frame\VSDebugDepthTexture.hlsl">
      <Filter>0. HLSL\02. Debug\-2. DebugDepthTex</Filter>
    </FxCompile>
    <FxCompile Include="..\..\..\..\..\0. JH%27s Folder\Study\NewClient\ImbossibleBoss\IB_Frame\VSDebugTexture.hlsl">
      <Filter>0. HLSL\02. Debug\-3. DebugTex</Filter>
    </FxCompile>
    <FxCompile Include="..\..\..\..\..\0. JH%27s Folder\Study\NewClient\ImbossibleBoss\IB_Frame\GSBoundingBox.hlsl">
      <Filter>0. HLSL\02. Debug\-0. BoundingBox</Filter>
    </FxCompile>
    <FxCompile Include="..\..\..\..\..\0. JH%27s Folder\Study\NewClient\ImbossibleBoss\IB_Frame\GSDebugDepthTexture.hlsl">
      <Filter>0. HLSL\02. Debug\-2. DebugDepthTex</Filter>
    </FxCompile>
    <FxCompile Include="..\..\..\..\..\0. JH%27s Folder\Study\NewClient\ImbossibleBoss\IB_Frame\GSDebugTexture.hlsl">
      <Filter>0. HLSL\02. Debug\-3. DebugTex</Filter>
    </FxCompile>
    <FxCompile Include="..\..\..\..\..\0. JH%27s Folder\Study\NewClient\ImbossibleBoss\IB_Frame\DSCapsuleLight.hlsl">
      <Filter>0. HLSL\03. Light\-0. Capsule</Filter>
    </FxCompile>
    <FxCompile Include="..\..\..\..\..\0. JH%27s Folder\Study\NewClient\ImbossibleBoss\IB_Frame\DSPointLight.hlsl">
      <Filter>0. HLSL\03. Light\-2. Point</Filter>
    </FxCompile>
    <FxCompile Include="..\..\..\..\..\0. JH%27s Folder\Study\NewClient\ImbossibleBoss\IB_Frame\DSSpotLight.hlsl">
      <Filter>0. HLSL\03. Light\-3. Spot</Filter>
    </FxCompile>
    <FxCompile Include="..\..\..\..\..\0. JH%27s Folder\Study\NewClient\ImbossibleBoss\IB_Frame\HSCapsuleLight.hlsl">
      <Filter>0. HLSL\03. Light\-0. Capsule</Filter>
    </FxCompile>
    <FxCompile Include="..\..\..\..\..\0. JH%27s Folder\Study\NewClient\ImbossibleBoss\IB_Frame\HSPointLight.hlsl">
      <Filter>0. HLSL\03. Light\-2. Point</Filter>
    </FxCompile>
    <FxCompile Include="..\..\..\..\..\0. JH%27s Folder\Study\NewClient\ImbossibleBoss\IB_Frame\HSSpotLight.hlsl">
      <Filter>0. HLSL\03. Light\-3. Spot</Filter>
    </FxCompile>
    <FxCompile Include="..\..\..\..\..\0. JH%27s Folder\Study\NewClient\ImbossibleBoss\IB_Frame\PSCapsuleLight.hlsl">
      <Filter>0. HLSL\03. Light\-0. Capsule</Filter>
    </FxCompile>
    <FxCompile Include="..\..\..\..\..\0. JH%27s Folder\Study\NewClient\ImbossibleBoss\IB_Frame\PSDirectionalLight.hlsl">
      <Filter>0. HLSL\03. Light\-1. Directional</Filter>
    </FxCompile>
    <FxCompile Include="..\..\..\..\..\0. JH%27s Folder\Study\NewClient\ImbossibleBoss\IB_Frame\PSPointLight.hlsl">
      <Filter>0. HLSL\03. Light\-2. Point</Filter>
    </FxCompile>
    <FxCompile Include="..\..\..\..\..\0. JH%27s Folder\Study\NewClient\ImbossibleBoss\IB_Frame\PSSpotLight.hlsl">
      <Filter>0. HLSL\03. Light\-3. Spot</Filter>
    </FxCompile>
    <FxCompile Include="..\..\..\..\..\0. JH%27s Folder\Study\NewClient\ImbossibleBoss\IB_Frame\VSDirectionalLight.hlsl">
      <Filter>0. HLSL\03. Light\-1. Directional</Filter>
    </FxCompile>
    <FxCompile Include="..\..\..\..\..\0. JH%27s Folder\Study\NewClient\ImbossibleBoss\IB_Frame\VSCapsuleLight.hlsl">
      <Filter>0. HLSL\03. Light\-0. Capsule</Filter>
    </FxCompile>
    <FxCompile Include="..\..\..\..\..\0. JH%27s Folder\Study\NewClient\ImbossibleBoss\IB_Frame\VSPointLight.hlsl">
      <Filter>0. HLSL\03. Light\-2. Point</Filter>
    </FxCompile>
    <FxCompile Include="..\..\..\..\..\0. JH%27s Folder\Study\NewClient\ImbossibleBoss\IB_Frame\VSSpotLight.hlsl">
      <Filter>0. HLSL\03. Light\-3. Spot</Filter>
    </FxCompile>
    <FxCompile Include="..\..\..\..\..\0. JH%27s Folder\Study\NewClient\ImbossibleBoss\IB_Frame\PSPostProcessing.hlsl">
      <Filter>0. HLSL\04. PostProcessing</Filter>
    </FxCompile>
    <FxCompile Include="..\..\..\..\..\0. JH%27s Folder\Study\NewClient\ImbossibleBoss\IB_Frame\VSPostProcessing.hlsl">
      <Filter>0. HLSL\04. PostProcessing</Filter>
    </FxCompile>
    <FxCompile Include="..\..\..\..\..\0. JH%27s Folder\Study\NewClient\ImbossibleBoss\IB_Frame\PSSkyBox.hlsl">
      <Filter>0. HLSL\05. SkyBox</Filter>
    </FxCompile>
    <FxCompile Include="..\..\..\..\..\0. JH%27s Folder\Study\NewClient\ImbossibleBoss\IB_Frame\PSCombine.hlsl">
      <Filter>0. HLSL\06. SSLR\-0. Combine</Filter>
    </FxCompile>
    <FxCompile Include="..\..\..\..\..\0. JH%27s Folder\Study\NewClient\ImbossibleBoss\IB_Frame\PSRayTrace.hlsl">
      <Filter>0. HLSL\06. SSLR\-1. RayTrace</Filter>
    </FxCompile>
    <FxCompile Include="..\..\..\..\..\0. JH%27s Folder\Study\NewClient\ImbossibleBoss\IB_Frame\PSTerrain.hlsl">
      <Filter>0. HLSL\07. Terrain</Filter>
    </FxCompile>
    <FxCompile Include="..\..\..\..\..\0. JH%27s Folder\Study\NewClient\ImbossibleBoss\IB_Frame\VSCombine.hlsl">
      <Filter>0. HLSL\06. SSLR\-0. Combine</Filter>
    </FxCompile>
    <FxCompile Include="..\..\..\..\..\0. JH%27s Folder\Study\NewClient\ImbossibleBoss\IB_Frame\VSRayTrace.hlsl">
      <Filter>0. HLSL\06. SSLR\-1. RayTrace</Filter>
    </FxCompile>
    <FxCompile Include="..\..\..\..\..\0. JH%27s Folder\Study\NewClient\ImbossibleBoss\IB_Frame\VSSkyBox.hlsl">
      <Filter>0. HLSL\05. SkyBox</Filter>
    </FxCompile>
    <FxCompile Include="..\..\..\..\..\0. JH%27s Folder\Study\NewClient\ImbossibleBoss\IB_Frame\HSTerrain.hlsl">
      <Filter>0. HLSL\07. Terrain</Filter>
    </FxCompile>
    <FxCompile Include="..\..\..\..\..\0. JH%27s Folder\Study\NewClient\ImbossibleBoss\IB_Frame\DSTerrain.hlsl">
      <Filter>0. HLSL\07. Terrain</Filter>
    </FxCompile>
    <FxCompile Include="..\..\..\..\..\0. JH%27s Folder\Study\NewClient\ImbossibleBoss\IB_Frame\VSTerrain.hlsl">
      <Filter>0. HLSL\07. Terrain</Filter>
    </FxCompile>
    <FxCompile Include="..\..\..\..\..\0. JH%27s Folder\Study\NewClient\ImbossibleBoss\IB_Frame\PSTestDeferred.hlsl">
      <Filter>0. HLSL\08. TestDeferred</Filter>
    </FxCompile>
    <FxCompile Include="..\..\..\..\..\0. JH%27s Folder\Study\NewClient\ImbossibleBoss\IB_Frame\PSRefraction.hlsl">
      <Filter>0. HLSL\11. Water\-0. Refraction</Filter>
    </FxCompile>
    <FxCompile Include="..\..\..\..\..\0. JH%27s Folder\Study\NewClient\ImbossibleBoss\IB_Frame\PSUI.hlsl">
      <Filter>0. HLSL\10. UI</Filter>
    </FxCompile>
    <FxCompile Include="..\..\..\..\..\0. JH%27s Folder\Study\NewClient\ImbossibleBoss\IB_Frame\PSInstancing.hlsl">
      <Filter>0. HLSL\09. testinstancing</Filter>
    </FxCompile>
    <FxCompile Include="..\..\..\..\..\0. JH%27s Folder\Study\NewClient\ImbossibleBoss\IB_Frame\PSWater.hlsl">
      <Filter>0. HLSL\11. Water</Filter>
    </FxCompile>
    <FxCompile Include="..\..\..\..\..\0. JH%27s Folder\Study\NewClient\ImbossibleBoss\IB_Frame\VSTestDeferred.hlsl">
      <Filter>0. HLSL\08. TestDeferred</Filter>
    </FxCompile>
    <FxCompile Include="..\..\..\..\..\0. JH%27s Folder\Study\NewClient\ImbossibleBoss\IB_Frame\VSInctancing.hlsl">
      <Filter>0. HLSL\09. testinstancing</Filter>
    </FxCompile>
    <FxCompile Include="..\..\..\..\..\0. JH%27s Folder\Study\NewClient\ImbossibleBoss\IB_Frame\VSRefraction.hlsl">
      <Filter>0. HLSL\11. Water\-0. Refraction</Filter>
    </FxCompile>
    <FxCompile Include="..\..\..\..\..\0. JH%27s Folder\Study\NewClient\ImbossibleBoss\IB_Frame\VSWater.hlsl">
      <Filter>0. HLSL\11. Water</Filter>
    </FxCompile>
    <FxCompile Include="..\..\..\..\..\0. JH%27s Folder\Study\NewClient\ImbossibleBoss\IB_Frame\VSUI.hlsl">
      <Filter>0. HLSL\10. UI</Filter>
    </FxCompile>
    <FxCompile Include="..\..\..\..\..\0. JH%27s Folder\Study\NewClient\ImbossibleBoss\IB_Frame\PSDefault.hlsl">
      <Filter>0. HLSL\98. Default</Filter>
    </FxCompile>
    <FxCompile Include="..\..\..\..\..\0. JH%27s Folder\Study\NewClient\ImbossibleBoss\IB_Frame\VSDefault.hlsl">
      <Filter>0. HLSL\98. Default</Filter>
    </FxCompile>
    <FxCompile Include="..\..\..\..\..\0. JH%27s Folder\Study\NewClient\ImbossibleBoss\IB_Frame\PSDebugLight.hlsl">
      <Filter>0. HLSL\03. Light</Filter>
    </FxCompile>
  </ItemGroup>
  <ItemGroup>
    <None Include="..\..\..\..\..\0. JH%27s Folder\Study\NewClient\ImbossibleBoss\IB_Frame\CalcCapsuleLight.hlsli">
      <Filter>0. HLSL\03. Light\-0. Capsule</Filter>
    </None>
    <None Include="..\..\..\..\..\0. JH%27s Folder\Study\NewClient\ImbossibleBoss\IB_Frame\CalcDirectionalLight.hlsli">
      <Filter>0. HLSL\03. Light\-1. Directional</Filter>
    </None>
    <None Include="..\..\..\..\..\0. JH%27s Folder\Study\NewClient\ImbossibleBoss\IB_Frame\CalcDirectionalShadow.hlsli">
      <Filter>0. HLSL\03. Light\-1. Directional</Filter>
    </None>
    <None Include="..\..\..\..\..\0. JH%27s Folder\Study\NewClient\ImbossibleBoss\IB_Frame\CalcPointLight.hlsli">
      <Filter>0. HLSL\03. Light\-2. Point</Filter>
    </None>
    <None Include="..\..\..\..\..\0. JH%27s Folder\Study\NewClient\ImbossibleBoss\IB_Frame\CalcSpotLight.hlsli">
      <Filter>0. HLSL\03. Light\-3. Spot</Filter>
    </None>
    <None Include="..\..\..\..\..\0. JH%27s Folder\Study\NewClient\ImbossibleBoss\IB_Frame\GetWorldNormal.hlsli">
      <Filter>0. HLSL\07. Terrain</Filter>
    </None>
    <None Include="..\..\..\..\..\0. JH%27s Folder\Study\NewClient\ImbossibleBoss\IB_Frame\PackGbuffer.hlsli">
      <Filter>0. HLSL\99. hlsli</Filter>
    </None>
    <None Include="..\..\..\..\..\0. JH%27s Folder\Study\NewClient\ImbossibleBoss\IB_Frame\Quaternion.hlsli">
      <Filter>0. HLSL\99. hlsli</Filter>
    </None>
    <None Include="..\..\..\..\..\0. JH%27s Folder\Study\NewClient\ImbossibleBoss\IB_Frame\Structure.hlsli">
      <Filter>0. HLSL\99. hlsli</Filter>
    </None>
    <None Include="..\..\..\..\..\0. JH%27s Folder\Study\NewClient\ImbossibleBoss\IB_Frame\UnpackGBuffer.hlsli">
      <Filter>0. HLSL\99. hlsli</Filter>
    </None>
  </ItemGroup>
</Project>